# THIS IS AN AUTOGENERATED FILE. DO NOT EDIT THIS FILE DIRECTLY.
# yarn lockfile v1


eslint-plugin-typescript@^0.12.0:
  version "0.12.0"
  resolved "https://registry.yarnpkg.com/eslint-plugin-typescript/-/eslint-plugin-typescript-0.12.0.tgz#e23d58cb27fe28e89fc641a1f20e8d862cb99aef"
  integrity sha512-2+DNE8nTvdNkhem/FBJXLPSeMDOZL68vHHNfTbM+PBc5iAuwBe8xLSQubwKxABqSZDwUHg+mwGmv5c2NlImi0Q==
  dependencies:
    requireindex "~1.1.0"

prettier@^1.15.2:
  version "1.15.2"
  resolved "https://registry.yarnpkg.com/prettier/-/prettier-1.15.2.tgz#d31abe22afa4351efa14c7f8b94b58bb7452205e"
  integrity sha512-YgPLFFA0CdKL4Eg2IHtUSjzj/BWgszDHiNQAe0VAIBse34148whfdzLagRL+QiKS+YfK5ftB6X4v/MBw8yCoug==

requireindex@~1.1.0:
  version "1.1.0"
  resolved "https://registry.yarnpkg.com/requireindex/-/requireindex-1.1.0.tgz#e5404b81557ef75db6e49c5a72004893fe03e162"
  integrity sha1-5UBLgVV+91225JxacgBIk/4D4WI=

typescript@^3.1.3:
  version "3.1.6"
  resolved "https://registry.yarnpkg.com/typescript/-/typescript-3.1.6.tgz#b6543a83cfc8c2befb3f4c8fba6896f5b0c9be68"
  integrity sha512-tDMYfVtvpb96msS1lDX9MEdHrW4yOuZ4Kdc4Him9oU796XldPYF/t2+uKoX0BBa0hXXwDlqYQbXY5Rzjzc5hBA==

web-ext-types@^3.0.0:
  version "3.0.0"
  resolved "https://registry.yarnpkg.com/web-ext-types/-/web-ext-types-3.0.0.tgz#c161b48bc1b44653c5749e0e7aa20ce917570c3c"
  integrity sha512-LTAR/L+xgNRCSW8BxXcSQbOJkwOskwLpIJStiQKPHNA9MAjSyn2xSkHzHxbCkaKvQekBoOAF9PE/byMytfEvJA==
